
Microsoft Visual Studio Solution File, Format Version 12.00
# Visual Studio 15
VisualStudioVersion = 15.0.28010.2041
MinimumVisualStudioVersion = 10.0.40219.1
Project("{9092AA53-FB77-4645-B42D-1CCCA6BD08BD}") = "chat-example", "chat-example\chat-example.njsproj", "{4F93F08A-ABF4-4959-9B6A-E7C727F92758}"
EndProject
Global
	GlobalSection(SolutionConfigurationPlatforms) = preSolution
		Debug|Any CPU = Debug|Any CPU
		Release|Any CPU = Release|Any CPU
	EndGlobalSection
	GlobalSection(ProjectConfigurationPlatforms) = postSolution
		{4F93F08A-ABF4-4959-9B6A-E7C727F92758}.Debug|Any CPU.ActiveCfg = Debug|Any CPU
		{4F93F08A-ABF4-4959-9B6A-E7C727F92758}.Debug|Any CPU.Build.0 = Debug|Any CPU
		{4F93F08A-ABF4-4959-9B6A-E7C727F92758}.Release|Any CPU.ActiveCfg = Release|Any CPU
		{4F93F08A-ABF4-4959-9B6A-E7C727F92758}.Release|Any CPU.Build.0 = Release|Any CPU
	EndGlobalSection
	GlobalSection(SolutionProperties) = preSolution
		HideSolutionNode = FALSE
	EndGlobalSection
	GlobalSection(ExtensibilityGlobals) = postSolution
		SolutionGuid = {4943E335-C189-470F-86FC-5FB7DC91CA20}
	EndGlobalSection
EndGlobal
